// !$*UTF8*$!
{
	archiveVersion = 1;
	classes = {
	};
	objectVersion = 56;
	objects = {

/* Begin PBXBuildFile section */
		C29177322E4B86EF00DC2478 /* RecipeBuddyApp.swift in Sources */ = {isa = PBXBuildFile; fileRef = C29177312E4B86EF00DC2478 /* RecipeBuddyApp.swift */; };
		C29177362E4B86F200DC2478 /* Assets.xcassets in Resources */ = {isa = PBXBuildFile; fileRef = C29177352E4B86F200DC2478 /* Assets.xcassets */; };
		C291773A2E4B86F200DC2478 /* Preview Assets.xcassets in Resources */ = {isa = PBXBuildFile; fileRef = C29177392E4B86F200DC2478 /* Preview Assets.xcassets */; };
		C29177422E4B88F700DC2478 /* Kingfisher in Frameworks */ = {isa = PBXBuildFile; productRef = C29177412E4B88F700DC2478 /* Kingfisher */; };
		C29177442E4B891F00DC2478 /* README.md in Resources */ = {isa = PBXBuildFile; fileRef = C29177432E4B891F00DC2478 /* README.md */; };
		C29177462E4B892C00DC2478 /* Recipe.json in Resources */ = {isa = PBXBuildFile; fileRef = C29177452E4B892C00DC2478 /* Recipe.json */; };
		C291774D2E4B8B1000DC2478 /* RecipeModel.swift in Sources */ = {isa = PBXBuildFile; fileRef = C291774C2E4B8B1000DC2478 /* RecipeModel.swift */; };
		C291774F2E4B8B3A00DC2478 /* JSONRecipeService.swift in Sources */ = {isa = PBXBuildFile; fileRef = C291774E2E4B8B3A00DC2478 /* JSONRecipeService.swift */; };
		C29177512E4B8B6800DC2478 /* PersistentData.swift in Sources */ = {isa = PBXBuildFile; fileRef = C29177502E4B8B6800DC2478 /* PersistentData.swift */; };
		C29177532E4B8BB800DC2478 /* RecipeViewModel.swift in Sources */ = {isa = PBXBuildFile; fileRef = C29177522E4B8BB800DC2478 /* RecipeViewModel.swift */; };
		C29177552E4B8BD000DC2478 /* RecipeView.swift in Sources */ = {isa = PBXBuildFile; fileRef = C29177542E4B8BD000DC2478 /* RecipeView.swift */; };
		C29177572E4B8BE900DC2478 /* RecipeDetailView.swift in Sources */ = {isa = PBXBuildFile; fileRef = C29177562E4B8BE900DC2478 /* RecipeDetailView.swift */; };
		C29177592E4B8C0100DC2478 /* EmptyStateView.swift in Sources */ = {isa = PBXBuildFile; fileRef = C29177582E4B8C0100DC2478 /* EmptyStateView.swift */; };
		C291775B2E4B8CF300DC2478 /* RecipeRow.swift in Sources */ = {isa = PBXBuildFile; fileRef = C291775A2E4B8CF300DC2478 /* RecipeRow.swift */; };
		C291775D2E4C34AF00DC2478 /* RecipeBuddyLaunchScreen.storyboard in Resources */ = {isa = PBXBuildFile; fileRef = C291775C2E4C34AF00DC2478 /* RecipeBuddyLaunchScreen.storyboard */; };
		C291775F2E4C431E00DC2478 /* TagChip.swift in Sources */ = {isa = PBXBuildFile; fileRef = C291775E2E4C431E00DC2478 /* TagChip.swift */; };
		C29177612E4C49F100DC2478 /* AddRecipeView.swift in Sources */ = {isa = PBXBuildFile; fileRef = C29177602E4C49F100DC2478 /* AddRecipeView.swift */; };
		C29177632E4C669D00DC2478 /* IngredientModel.swift in Sources */ = {isa = PBXBuildFile; fileRef = C29177622E4C669D00DC2478 /* IngredientModel.swift */; };
		C29177652E4C6C6B00DC2478 /* RecipeStoreViewModel.swift in Sources */ = {isa = PBXBuildFile; fileRef = C29177642E4C6C6B00DC2478 /* RecipeStoreViewModel.swift */; };
/* End PBXBuildFile section */

/* Begin PBXFileReference section */
		C291772E2E4B86EF00DC2478 /* RecipeBuddy.app */ = {isa = PBXFileReference; explicitFileType = wrapper.application; includeInIndex = 0; path = RecipeBuddy.app; sourceTree = BUILT_PRODUCTS_DIR; };
		C29177312E4B86EF00DC2478 /* RecipeBuddyApp.swift */ = {isa = PBXFileReference; lastKnownFileType = sourcecode.swift; path = RecipeBuddyApp.swift; sourceTree = "<group>"; };
		C29177352E4B86F200DC2478 /* Assets.xcassets */ = {isa = PBXFileReference; lastKnownFileType = folder.assetcatalog; path = Assets.xcassets; sourceTree = "<group>"; };
		C29177372E4B86F200DC2478 /* RecipeBuddy.entitlements */ = {isa = PBXFileReference; lastKnownFileType = text.plist.entitlements; path = RecipeBuddy.entitlements; sourceTree = "<group>"; };
		C29177392E4B86F200DC2478 /* Preview Assets.xcassets */ = {isa = PBXFileReference; lastKnownFileType = folder.assetcatalog; path = "Preview Assets.xcassets"; sourceTree = "<group>"; };
		C29177432E4B891F00DC2478 /* README.md */ = {isa = PBXFileReference; lastKnownFileType = net.daringfireball.markdown; path = README.md; sourceTree = "<group>"; };
		C29177452E4B892C00DC2478 /* Recipe.json */ = {isa = PBXFileReference; lastKnownFileType = text.json; path = Recipe.json; sourceTree = "<group>"; };
		C291774C2E4B8B1000DC2478 /* RecipeModel.swift */ = {isa = PBXFileReference; lastKnownFileType = sourcecode.swift; path = RecipeModel.swift; sourceTree = "<group>"; };
		C291774E2E4B8B3A00DC2478 /* JSONRecipeService.swift */ = {isa = PBXFileReference; lastKnownFileType = sourcecode.swift; path = JSONRecipeService.swift; sourceTree = "<group>"; };
		C29177502E4B8B6800DC2478 /* PersistentData.swift */ = {isa = PBXFileReference; lastKnownFileType = sourcecode.swift; path = PersistentData.swift; sourceTree = "<group>"; };
		C29177522E4B8BB800DC2478 /* RecipeViewModel.swift */ = {isa = PBXFileReference; lastKnownFileType = sourcecode.swift; path = RecipeViewModel.swift; sourceTree = "<group>"; };
		C29177542E4B8BD000DC2478 /* RecipeView.swift */ = {isa = PBXFileReference; lastKnownFileType = sourcecode.swift; path = RecipeView.swift; sourceTree = "<group>"; };
		C29177562E4B8BE900DC2478 /* RecipeDetailView.swift */ = {isa = PBXFileReference; lastKnownFileType = sourcecode.swift; path = RecipeDetailView.swift; sourceTree = "<group>"; };
		C29177582E4B8C0100DC2478 /* EmptyStateView.swift */ = {isa = PBXFileReference; lastKnownFileType = sourcecode.swift; path = EmptyStateView.swift; sourceTree = "<group>"; };
		C291775A2E4B8CF300DC2478 /* RecipeRow.swift */ = {isa = PBXFileReference; lastKnownFileType = sourcecode.swift; path = RecipeRow.swift; sourceTree = "<group>"; };
		C291775C2E4C34AF00DC2478 /* RecipeBuddyLaunchScreen.storyboard */ = {isa = PBXFileReference; lastKnownFileType = file.storyboard; path = RecipeBuddyLaunchScreen.storyboard; sourceTree = "<group>"; };
		C291775E2E4C431E00DC2478 /* TagChip.swift */ = {isa = PBXFileReference; lastKnownFileType = sourcecode.swift; path = TagChip.swift; sourceTree = "<group>"; };
		C29177602E4C49F100DC2478 /* AddRecipeView.swift */ = {isa = PBXFileReference; lastKnownFileType = sourcecode.swift; path = AddRecipeView.swift; sourceTree = "<group>"; };
		C29177622E4C669D00DC2478 /* IngredientModel.swift */ = {isa = PBXFileReference; lastKnownFileType = sourcecode.swift; path = IngredientModel.swift; sourceTree = "<group>"; };
		C29177642E4C6C6B00DC2478 /* RecipeStoreViewModel.swift */ = {isa = PBXFileReference; lastKnownFileType = sourcecode.swift; path = RecipeStoreViewModel.swift; sourceTree = "<group>"; };
/* End PBXFileReference section */

/* Begin PBXFrameworksBuildPhase section */
		C291772B2E4B86EF00DC2478 /* Frameworks */ = {
			isa = PBXFrameworksBuildPhase;
			buildActionMask = 2147483647;
			files = (
				C29177422E4B88F700DC2478 /* Kingfisher in Frameworks */,
			);
			runOnlyForDeploymentPostprocessing = 0;
		};
/* End PBXFrameworksBuildPhase section */

/* Begin PBXGroup section */
		C29177252E4B86EF00DC2478 = {
			isa = PBXGroup;
			children = (
				C29177302E4B86EF00DC2478 /* RecipeBuddy */,
				C291772F2E4B86EF00DC2478 /* Products */,
			);
			sourceTree = "<group>";
		};
		C291772F2E4B86EF00DC2478 /* Products */ = {
			isa = PBXGroup;
			children = (
				C291772E2E4B86EF00DC2478 /* RecipeBuddy.app */,
			);
			name = Products;
			sourceTree = "<group>";
		};
		C29177302E4B86EF00DC2478 /* RecipeBuddy */ = {
			isa = PBXGroup;
			children = (
				C291774B2E4B8A8F00DC2478 /* Models */,
				C291774A2E4B8A8700DC2478 /* ViewModel */,
				C29177492E4B8A7E00DC2478 /* Views */,
				C29177482E4B8A7700DC2478 /* Services */,
				C29177472E4B8A6800DC2478 /* Resource */,
				C29177312E4B86EF00DC2478 /* RecipeBuddyApp.swift */,
				C29177352E4B86F200DC2478 /* Assets.xcassets */,
				C29177372E4B86F200DC2478 /* RecipeBuddy.entitlements */,
				C29177382E4B86F200DC2478 /* Preview Content */,
				C29177432E4B891F00DC2478 /* README.md */,
				C291775C2E4C34AF00DC2478 /* RecipeBuddyLaunchScreen.storyboard */,
			);
			path = RecipeBuddy;
			sourceTree = "<group>";
		};
		C29177382E4B86F200DC2478 /* Preview Content */ = {
			isa = PBXGroup;
			children = (
				C29177392E4B86F200DC2478 /* Preview Assets.xcassets */,
			);
			path = "Preview Content";
			sourceTree = "<group>";
		};
		C29177472E4B8A6800DC2478 /* Resource */ = {
			isa = PBXGroup;
			children = (
				C29177452E4B892C00DC2478 /* Recipe.json */,
			);
			path = Resource;
			sourceTree = "<group>";
		};
		C29177482E4B8A7700DC2478 /* Services */ = {
			isa = PBXGroup;
			children = (
				C291774E2E4B8B3A00DC2478 /* JSONRecipeService.swift */,
				C29177502E4B8B6800DC2478 /* PersistentData.swift */,
			);
			path = Services;
			sourceTree = "<group>";
		};
		C29177492E4B8A7E00DC2478 /* Views */ = {
			isa = PBXGroup;
			children = (
				C29177542E4B8BD000DC2478 /* RecipeView.swift */,
				C29177562E4B8BE900DC2478 /* RecipeDetailView.swift */,
				C29177582E4B8C0100DC2478 /* EmptyStateView.swift */,
				C291775A2E4B8CF300DC2478 /* RecipeRow.swift */,
				C291775E2E4C431E00DC2478 /* TagChip.swift */,
				C29177602E4C49F100DC2478 /* AddRecipeView.swift */,
			);
			path = Views;
			sourceTree = "<group>";
		};
		C291774A2E4B8A8700DC2478 /* ViewModel */ = {
			isa = PBXGroup;
			children = (
				C29177522E4B8BB800DC2478 /* RecipeViewModel.swift */,
				C29177642E4C6C6B00DC2478 /* RecipeStoreViewModel.swift */,
			);
			path = ViewModel;
			sourceTree = "<group>";
		};
		C291774B2E4B8A8F00DC2478 /* Models */ = {
			isa = PBXGroup;
			children = (
				C291774C2E4B8B1000DC2478 /* RecipeModel.swift */,
				C29177622E4C669D00DC2478 /* IngredientModel.swift */,
			);
			path = Models;
			sourceTree = "<group>";
		};
/* End PBXGroup section */

/* Begin PBXNativeTarget section */
		C291772D2E4B86EF00DC2478 /* RecipeBuddy */ = {
			isa = PBXNativeTarget;
			buildConfigurationList = C291773D2E4B86F200DC2478 /* Build configuration list for PBXNativeTarget "RecipeBuddy" */;
			buildPhases = (
				C291772A2E4B86EF00DC2478 /* Sources */,
				C291772B2E4B86EF00DC2478 /* Frameworks */,
				C291772C2E4B86EF00DC2478 /* Resources */,
			);
			buildRules = (
			);
			dependencies = (
			);
			name = RecipeBuddy;
			packageProductDependencies = (
				C29177412E4B88F700DC2478 /* Kingfisher */,
			);
			productName = RecipeBuddy;
			productReference = C291772E2E4B86EF00DC2478 /* RecipeBuddy.app */;
			productType = "com.apple.product-type.application";
		};
/* End PBXNativeTarget section */

/* Begin PBXProject section */
		C29177262E4B86EF00DC2478 /* Project object */ = {
			isa = PBXProject;
			attributes = {
				BuildIndependentTargetsInParallel = 1;
				LastSwiftUpdateCheck = 1520;
				LastUpgradeCheck = 1520;
				TargetAttributes = {
					C291772D2E4B86EF00DC2478 = {
						CreatedOnToolsVersion = 15.2;
					};
				};
			};
			buildConfigurationList = C29177292E4B86EF00DC2478 /* Build configuration list for PBXProject "RecipeBuddy" */;
			compatibilityVersion = "Xcode 14.0";
			developmentRegion = en;
			hasScannedForEncodings = 0;
			knownRegions = (
				en,
				Base,
			);
			mainGroup = C29177252E4B86EF00DC2478;
			packageReferences = (
				C29177402E4B88F700DC2478 /* XCRemoteSwiftPackageReference "Kingfisher" */,
			);
			productRefGroup = C291772F2E4B86EF00DC2478 /* Products */;
			projectDirPath = "";
			projectRoot = "";
			targets = (
				C291772D2E4B86EF00DC2478 /* RecipeBuddy */,
			);
		};
/* End PBXProject section */

/* Begin PBXResourcesBuildPhase section */
		C291772C2E4B86EF00DC2478 /* Resources */ = {
			isa = PBXResourcesBuildPhase;
			buildActionMask = 2147483647;
			files = (
				C29177442E4B891F00DC2478 /* README.md in Resources */,
				C291775D2E4C34AF00DC2478 /* RecipeBuddyLaunchScreen.storyboard in Resources */,
				C291773A2E4B86F200DC2478 /* Preview Assets.xcassets in Resources */,
				C29177362E4B86F200DC2478 /* Assets.xcassets in Resources */,
				C29177462E4B892C00DC2478 /* Recipe.json in Resources */,
			);
			runOnlyForDeploymentPostprocessing = 0;
		};
/* End PBXResourcesBuildPhase section */

/* Begin PBXSourcesBuildPhase section */
		C291772A2E4B86EF00DC2478 /* Sources */ = {
			isa = PBXSourcesBuildPhase;
			buildActionMask = 2147483647;
			files = (
				C29177572E4B8BE900DC2478 /* RecipeDetailView.swift in Sources */,
				C29177552E4B8BD000DC2478 /* RecipeView.swift in Sources */,
				C29177632E4C669D00DC2478 /* IngredientModel.swift in Sources */,
				C291775F2E4C431E00DC2478 /* TagChip.swift in Sources */,
				C291775B2E4B8CF300DC2478 /* RecipeRow.swift in Sources */,
				C29177592E4B8C0100DC2478 /* EmptyStateView.swift in Sources */,
				C291774F2E4B8B3A00DC2478 /* JSONRecipeService.swift in Sources */,
				C29177612E4C49F100DC2478 /* AddRecipeView.swift in Sources */,
				C29177322E4B86EF00DC2478 /* RecipeBuddyApp.swift in Sources */,
				C29177512E4B8B6800DC2478 /* PersistentData.swift in Sources */,
				C29177532E4B8BB800DC2478 /* RecipeViewModel.swift in Sources */,
				C291774D2E4B8B1000DC2478 /* RecipeModel.swift in Sources */,
				C29177652E4C6C6B00DC2478 /* RecipeStoreViewModel.swift in Sources */,
			);
			runOnlyForDeploymentPostprocessing = 0;
		};
/* End PBXSourcesBuildPhase section */

/* Begin XCBuildConfiguration section */
		C291773B2E4B86F200DC2478 /* Debug */ = {
			isa = XCBuildConfiguration;
			buildSettings = {
				ALWAYS_SEARCH_USER_PATHS = NO;
				ASSETCATALOG_COMPILER_GENERATE_SWIFT_ASSET_SYMBOL_EXTENSIONS = YES;
				CLANG_ANALYZER_NONNULL = YES;
				CLANG_ANALYZER_NUMBER_OBJECT_CONVERSION = YES_AGGRESSIVE;
				CLANG_CXX_LANGUAGE_STANDARD = "gnu++20";
				CLANG_ENABLE_MODULES = YES;
				CLANG_ENABLE_OBJC_ARC = YES;
				CLANG_ENABLE_OBJC_WEAK = YES;
				CLANG_WARN_BLOCK_CAPTURE_AUTORELEASING = YES;
				CLANG_WARN_BOOL_CONVERSION = YES;
				CLANG_WARN_COMMA = YES;
				CLANG_WARN_CONSTANT_CONVERSION = YES;
				CLANG_WARN_DEPRECATED_OBJC_IMPLEMENTATIONS = YES;
				CLANG_WARN_DIRECT_OBJC_ISA_USAGE = YES_ERROR;
				CLANG_WARN_DOCUMENTATION_COMMENTS = YES;
				CLANG_WARN_EMPTY_BODY = YES;
				CLANG_WARN_ENUM_CONVERSION = YES;
				CLANG_WARN_INFINITE_RECURSION = YES;
				CLANG_WARN_INT_CONVERSION = YES;
				CLANG_WARN_NON_LITERAL_NULL_CONVERSION = YES;
				CLANG_WARN_OBJC_IMPLICIT_RETAIN_SELF = YES;
				CLANG_WARN_OBJC_LITERAL_CONVERSION = YES;
				CLANG_WARN_OBJC_ROOT_CLASS = YES_ERROR;
				CLANG_WARN_QUOTED_INCLUDE_IN_FRAMEWORK_HEADER = YES;
				CLANG_WARN_RANGE_LOOP_ANALYSIS = YES;
				CLANG_WARN_STRICT_PROTOTYPES = YES;
				CLANG_WARN_SUSPICIOUS_MOVE = YES;
				CLANG_WARN_UNGUARDED_AVAILABILITY = YES_AGGRESSIVE;
				CLANG_WARN_UNREACHABLE_CODE = YES;
				CLANG_WARN__DUPLICATE_METHOD_MATCH = YES;
				COPY_PHASE_STRIP = NO;
				DEBUG_INFORMATION_FORMAT = dwarf;
				ENABLE_STRICT_OBJC_MSGSEND = YES;
				ENABLE_TESTABILITY = YES;
				ENABLE_USER_SCRIPT_SANDBOXING = YES;
				GCC_C_LANGUAGE_STANDARD = gnu17;
				GCC_DYNAMIC_NO_PIC = NO;
				GCC_NO_COMMON_BLOCKS = YES;
				GCC_OPTIMIZATION_LEVEL = 0;
				GCC_PREPROCESSOR_DEFINITIONS = (
					"DEBUG=1",
					"$(inherited)",
				);
				GCC_WARN_64_TO_32_BIT_CONVERSION = YES;
				GCC_WARN_ABOUT_RETURN_TYPE = YES_ERROR;
				GCC_WARN_UNDECLARED_SELECTOR = YES;
				GCC_WARN_UNINITIALIZED_AUTOS = YES_AGGRESSIVE;
				GCC_WARN_UNUSED_FUNCTION = YES;
				GCC_WARN_UNUSED_VARIABLE = YES;
				LOCALIZATION_PREFERS_STRING_CATALOGS = YES;
				MTL_ENABLE_DEBUG_INFO = INCLUDE_SOURCE;
				MTL_FAST_MATH = YES;
				ONLY_ACTIVE_ARCH = YES;
				SWIFT_ACTIVE_COMPILATION_CONDITIONS = "DEBUG $(inherited)";
				SWIFT_OPTIMIZATION_LEVEL = "-Onone";
			};
			name = Debug;
		};
		C291773C2E4B86F200DC2478 /* Release */ = {
			isa = XCBuildConfiguration;
			buildSettings = {
				ALWAYS_SEARCH_USER_PATHS = NO;
				ASSETCATALOG_COMPILER_GENERATE_SWIFT_ASSET_SYMBOL_EXTENSIONS = YES;
				CLANG_ANALYZER_NONNULL = YES;
				CLANG_ANALYZER_NUMBER_OBJECT_CONVERSION = YES_AGGRESSIVE;
				CLANG_CXX_LANGUAGE_STANDARD = "gnu++20";
				CLANG_ENABLE_MODULES = YES;
				CLANG_ENABLE_OBJC_ARC = YES;
				CLANG_ENABLE_OBJC_WEAK = YES;
				CLANG_WARN_BLOCK_CAPTURE_AUTORELEASING = YES;
				CLANG_WARN_BOOL_CONVERSION = YES;
				CLANG_WARN_COMMA = YES;
				CLANG_WARN_CONSTANT_CONVERSION = YES;
				CLANG_WARN_DEPRECATED_OBJC_IMPLEMENTATIONS = YES;
				CLANG_WARN_DIRECT_OBJC_ISA_USAGE = YES_ERROR;
				CLANG_WARN_DOCUMENTATION_COMMENTS = YES;
				CLANG_WARN_EMPTY_BODY = YES;
				CLANG_WARN_ENUM_CONVERSION = YES;
				CLANG_WARN_INFINITE_RECURSION = YES;
				CLANG_WARN_INT_CONVERSION = YES;
				CLANG_WARN_NON_LITERAL_NULL_CONVERSION = YES;
				CLANG_WARN_OBJC_IMPLICIT_RETAIN_SELF = YES;
				CLANG_WARN_OBJC_LITERAL_CONVERSION = YES;
				CLANG_WARN_OBJC_ROOT_CLASS = YES_ERROR;
				CLANG_WARN_QUOTED_INCLUDE_IN_FRAMEWORK_HEADER = YES;
				CLANG_WARN_RANGE_LOOP_ANALYSIS = YES;
				CLANG_WARN_STRICT_PROTOTYPES = YES;
				CLANG_WARN_SUSPICIOUS_MOVE = YES;
				CLANG_WARN_UNGUARDED_AVAILABILITY = YES_AGGRESSIVE;
				CLANG_WARN_UNREACHABLE_CODE = YES;
				CLANG_WARN__DUPLICATE_METHOD_MATCH = YES;
				COPY_PHASE_STRIP = NO;
				DEBUG_INFORMATION_FORMAT = "dwarf-with-dsym";
				ENABLE_NS_ASSERTIONS = NO;
				ENABLE_STRICT_OBJC_MSGSEND = YES;
				ENABLE_USER_SCRIPT_SANDBOXING = YES;
				GCC_C_LANGUAGE_STANDARD = gnu17;
				GCC_NO_COMMON_BLOCKS = YES;
				GCC_WARN_64_TO_32_BIT_CONVERSION = YES;
				GCC_WARN_ABOUT_RETURN_TYPE = YES_ERROR;
				GCC_WARN_UNDECLARED_SELECTOR = YES;
				GCC_WARN_UNINITIALIZED_AUTOS = YES_AGGRESSIVE;
				GCC_WARN_UNUSED_FUNCTION = YES;
				GCC_WARN_UNUSED_VARIABLE = YES;
				LOCALIZATION_PREFERS_STRING_CATALOGS = YES;
				MTL_ENABLE_DEBUG_INFO = NO;
				MTL_FAST_MATH = YES;
				SWIFT_COMPILATION_MODE = wholemodule;
			};
			name = Release;
		};
		C291773E2E4B86F200DC2478 /* Debug */ = {
			isa = XCBuildConfiguration;
			buildSettings = {
				ASSETCATALOG_COMPILER_APPICON_NAME = AppIcon;
				ASSETCATALOG_COMPILER_GLOBAL_ACCENT_COLOR_NAME = AccentColor;
				CODE_SIGN_ENTITLEMENTS = RecipeBuddy/RecipeBuddy.entitlements;
				CODE_SIGN_STYLE = Automatic;
				CURRENT_PROJECT_VERSION = 1;
				DEVELOPMENT_ASSET_PATHS = "\"RecipeBuddy/Preview Content\"";
				DEVELOPMENT_TEAM = 9VK3HS3NQ2;
				ENABLE_HARDENED_RUNTIME = YES;
				ENABLE_PREVIEWS = YES;
				GENERATE_INFOPLIST_FILE = YES;
				"INFOPLIST_KEY_UIApplicationSceneManifest_Generation[sdk=iphoneos*]" = YES;
				"INFOPLIST_KEY_UIApplicationSceneManifest_Generation[sdk=iphonesimulator*]" = YES;
				"INFOPLIST_KEY_UIApplicationSupportsIndirectInputEvents[sdk=iphoneos*]" = YES;
				"INFOPLIST_KEY_UIApplicationSupportsIndirectInputEvents[sdk=iphonesimulator*]" = YES;
				"INFOPLIST_KEY_UILaunchScreen_Generation[sdk=iphoneos*]" = YES;
				"INFOPLIST_KEY_UILaunchScreen_Generation[sdk=iphonesimulator*]" = YES;
				"INFOPLIST_KEY_UIStatusBarStyle[sdk=iphoneos*]" = UIStatusBarStyleDefault;
				"INFOPLIST_KEY_UIStatusBarStyle[sdk=iphonesimulator*]" = UIStatusBarStyleDefault;
				INFOPLIST_KEY_UISupportedInterfaceOrientations_iPad = "UIInterfaceOrientationPortrait UIInterfaceOrientationPortraitUpsideDown UIInterfaceOrientationLandscapeLeft UIInterfaceOrientationLandscapeRight";
				INFOPLIST_KEY_UISupportedInterfaceOrientations_iPhone = "UIInterfaceOrientationPortrait UIInterfaceOrientationLandscapeLeft UIInterfaceOrientationLandscapeRight";
				IPHONEOS_DEPLOYMENT_TARGET = 17.2;
				LD_RUNPATH_SEARCH_PATHS = "@executable_path/Frameworks";
				"LD_RUNPATH_SEARCH_PATHS[sdk=macosx*]" = "@executable_path/../Frameworks";
				MACOSX_DEPLOYMENT_TARGET = 14.2;
				MARKETING_VERSION = 1.0;
				PRODUCT_BUNDLE_IDENTIFIER = com.recipe.RecipeBuddy;
				PRODUCT_NAME = "$(TARGET_NAME)";
				SDKROOT = auto;
				SUPPORTED_PLATFORMS = "iphoneos iphonesimulator macosx";
				SWIFT_EMIT_LOC_STRINGS = YES;
				SWIFT_VERSION = 5.0;
				TARGETED_DEVICE_FAMILY = "1,2";
			};
			name = Debug;
		};
		C291773F2E4B86F200DC2478 /* Release */ = {
			isa = XCBuildConfiguration;
			buildSettings = {
				ASSETCATALOG_COMPILER_APPICON_NAME = AppIcon;
				ASSETCATALOG_COMPILER_GLOBAL_ACCENT_COLOR_NAME = AccentColor;
				CODE_SIGN_ENTITLEMENTS = RecipeBuddy/RecipeBuddy.entitlements;
				CODE_SIGN_STYLE = Automatic;
				CURRENT_PROJECT_VERSION = 1;
				DEVELOPMENT_ASSET_PATHS = "\"RecipeBuddy/Preview Content\"";
				DEVELOPMENT_TEAM = 9VK3HS3NQ2;
				ENABLE_HARDENED_RUNTIME = YES;
				ENABLE_PREVIEWS = YES;
				GENERATE_INFOPLIST_FILE = YES;
				"INFOPLIST_KEY_UIApplicationSceneManifest_Generation[sdk=iphoneos*]" = YES;
				"INFOPLIST_KEY_UIApplicationSceneManifest_Generation[sdk=iphonesimulator*]" = YES;
				"INFOPLIST_KEY_UIApplicationSupportsIndirectInputEvents[sdk=iphoneos*]" = YES;
				"INFOPLIST_KEY_UIApplicationSupportsIndirectInputEvents[sdk=iphonesimulator*]" = YES;
				"INFOPLIST_KEY_UILaunchScreen_Generation[sdk=iphoneos*]" = YES;
				"INFOPLIST_KEY_UILaunchScreen_Generation[sdk=iphonesimulator*]" = YES;
				"INFOPLIST_KEY_UIStatusBarStyle[sdk=iphoneos*]" = UIStatusBarStyleDefault;
				"INFOPLIST_KEY_UIStatusBarStyle[sdk=iphonesimulator*]" = UIStatusBarStyleDefault;
				INFOPLIST_KEY_UISupportedInterfaceOrientations_iPad = "UIInterfaceOrientationPortrait UIInterfaceOrientationPortraitUpsideDown UIInterfaceOrientationLandscapeLeft UIInterfaceOrientationLandscapeRight";
				INFOPLIST_KEY_UISupportedInterfaceOrientations_iPhone = "UIInterfaceOrientationPortrait UIInterfaceOrientationLandscapeLeft UIInterfaceOrientationLandscapeRight";
				IPHONEOS_DEPLOYMENT_TARGET = 17.2;
				LD_RUNPATH_SEARCH_PATHS = "@executable_path/Frameworks";
				"LD_RUNPATH_SEARCH_PATHS[sdk=macosx*]" = "@executable_path/../Frameworks";
				MACOSX_DEPLOYMENT_TARGET = 14.2;
				MARKETING_VERSION = 1.0;
				PRODUCT_BUNDLE_IDENTIFIER = com.recipe.RecipeBuddy;
				PRODUCT_NAME = "$(TARGET_NAME)";
				SDKROOT = auto;
				SUPPORTED_PLATFORMS = "iphoneos iphonesimulator macosx";
				SWIFT_EMIT_LOC_STRINGS = YES;
				SWIFT_VERSION = 5.0;
				TARGETED_DEVICE_FAMILY = "1,2";
			};
			name = Release;
		};
/* End XCBuildConfiguration section */

/* Begin XCConfigurationList section */
		C29177292E4B86EF00DC2478 /* Build configuration list for PBXProject "RecipeBuddy" */ = {
			isa = XCConfigurationList;
			buildConfigurations = (
				C291773B2E4B86F200DC2478 /* Debug */,
				C291773C2E4B86F200DC2478 /* Release */,
			);
			defaultConfigurationIsVisible = 0;
			defaultConfigurationName = Release;
		};
		C291773D2E4B86F200DC2478 /* Build configuration list for PBXNativeTarget "RecipeBuddy" */ = {
			isa = XCConfigurationList;
			buildConfigurations = (
				C291773E2E4B86F200DC2478 /* Debug */,
				C291773F2E4B86F200DC2478 /* Release */,
			);
			defaultConfigurationIsVisible = 0;
			defaultConfigurationName = Release;
		};
/* End XCConfigurationList section */

/* Begin XCRemoteSwiftPackageReference section */
		C29177402E4B88F700DC2478 /* XCRemoteSwiftPackageReference "Kingfisher" */ = {
			isa = XCRemoteSwiftPackageReference;
			repositoryURL = "https://github.com/onevcat/Kingfisher.git";
			requirement = {
				kind = upToNextMajorVersion;
				minimumVersion = 8.5.0;
			};
		};
/* End XCRemoteSwiftPackageReference section */

/* Begin XCSwiftPackageProductDependency section */
		C29177412E4B88F700DC2478 /* Kingfisher */ = {
			isa = XCSwiftPackageProductDependency;
			package = C29177402E4B88F700DC2478 /* XCRemoteSwiftPackageReference "Kingfisher" */;
			productName = Kingfisher;
		};
/* End XCSwiftPackageProductDependency section */
	};
	rootObject = C29177262E4B86EF00DC2478 /* Project object */;
}
